
Microsoft Visual Studio Solution File, Format Version 12.00
# Visual Studio Version 16
VisualStudioVersion = 16.0.30523.141
MinimumVisualStudioVersion = 10.0.40219.1
Project("{FAE04EC0-301F-11D3-BF4B-00C04F79EFBC}") = "CustomerReview", "CustomerReview.csproj", "{B91B7FC1-7D85-4A75-89C1-D699E74112AF}"
EndProject
Global
	GlobalSection(SolutionConfigurationPlatforms) = preSolution
		Debug|Any CPU = Debug|Any CPU
		Release|Any CPU = Release|Any CPU
	EndGlobalSection
	GlobalSection(ProjectConfigurationPlatforms) = postSolution
		{B91B7FC1-7D85-4A75-89C1-D699E74112AF}.Debug|Any CPU.ActiveCfg = Debug|Any CPU
		{B91B7FC1-7D85-4A75-89C1-D699E74112AF}.Debug|Any CPU.Build.0 = Debug|Any CPU
		{B91B7FC1-7D85-4A75-89C1-D699E74112AF}.Release|Any CPU.ActiveCfg = Release|Any CPU
		{B91B7FC1-7D85-4A75-89C1-D699E74112AF}.Release|Any CPU.Build.0 = Release|Any CPU
	EndGlobalSection
	GlobalSection(SolutionProperties) = preSolution
		HideSolutionNode = FALSE
	EndGlobalSection
	GlobalSection(ExtensibilityGlobals) = postSolution
		SolutionGuid = {EAA6FC5A-8E1E-4651-8AFC-540A6050ED95}
	EndGlobalSection
EndGlobal
